
Microsoft Visual Studio Solution File, Format Version 12.00
# Visual Studio 2013
VisualStudioVersion = 12.0.21005.1
MinimumVisualStudioVersion = 10.0.40219.1
Project("{FAE04EC0-301F-11D3-BF4B-00C04F79EFBC}") = "MicroOrm.Data.Infra", "MicroOrm.Data.Infra\MicroOrm.Data.Infra.csproj", "{2E2968BA-E6CC-4E85-A80C-2BC48F9099E7}"
EndProject
Project("{FAE04EC0-301F-11D3-BF4B-00C04F79EFBC}") = "MicroOrm.Data", "MicroOrm.Data\MicroOrm.Data.csproj", "{0630714D-3C90-4FE7-AC6B-BB948CA3CBE8}"
EndProject
Project("{FAE04EC0-301F-11D3-BF4B-00C04F79EFBC}") = "MicroOrm.Models", "MicroOrm.Models\MicroOrm.Models.csproj", "{FF5667AD-AE85-4588-8CD9-C4D6A1B17700}"
EndProject
Project("{FAE04EC0-301F-11D3-BF4B-00C04F79EFBC}") = "MicroOrm.Business", "MicroOrm.Business\MicroOrm.Business.csproj", "{EA4BEEF8-F313-4A54-BDC1-54ABE5FB7A93}"
EndProject
Global
	GlobalSection(SolutionConfigurationPlatforms) = preSolution
		Debug|Any CPU = Debug|Any CPU
		Release|Any CPU = Release|Any CPU
	EndGlobalSection
	GlobalSection(ProjectConfigurationPlatforms) = postSolution
		{2E2968BA-E6CC-4E85-A80C-2BC48F9099E7}.Debug|Any CPU.ActiveCfg = Debug|Any CPU
		{2E2968BA-E6CC-4E85-A80C-2BC48F9099E7}.Debug|Any CPU.Build.0 = Debug|Any CPU
		{2E2968BA-E6CC-4E85-A80C-2BC48F9099E7}.Release|Any CPU.ActiveCfg = Release|Any CPU
		{2E2968BA-E6CC-4E85-A80C-2BC48F9099E7}.Release|Any CPU.Build.0 = Release|Any CPU
		{0630714D-3C90-4FE7-AC6B-BB948CA3CBE8}.Debug|Any CPU.ActiveCfg = Debug|Any CPU
		{0630714D-3C90-4FE7-AC6B-BB948CA3CBE8}.Debug|Any CPU.Build.0 = Debug|Any CPU
		{0630714D-3C90-4FE7-AC6B-BB948CA3CBE8}.Release|Any CPU.ActiveCfg = Release|Any CPU
		{0630714D-3C90-4FE7-AC6B-BB948CA3CBE8}.Release|Any CPU.Build.0 = Release|Any CPU
		{FF5667AD-AE85-4588-8CD9-C4D6A1B17700}.Debug|Any CPU.ActiveCfg = Debug|Any CPU
		{FF5667AD-AE85-4588-8CD9-C4D6A1B17700}.Debug|Any CPU.Build.0 = Debug|Any CPU
		{FF5667AD-AE85-4588-8CD9-C4D6A1B17700}.Release|Any CPU.ActiveCfg = Release|Any CPU
		{FF5667AD-AE85-4588-8CD9-C4D6A1B17700}.Release|Any CPU.Build.0 = Release|Any CPU
		{EA4BEEF8-F313-4A54-BDC1-54ABE5FB7A93}.Debug|Any CPU.ActiveCfg = Debug|Any CPU
		{EA4BEEF8-F313-4A54-BDC1-54ABE5FB7A93}.Debug|Any CPU.Build.0 = Debug|Any CPU
		{EA4BEEF8-F313-4A54-BDC1-54ABE5FB7A93}.Release|Any CPU.ActiveCfg = Release|Any CPU
		{EA4BEEF8-F313-4A54-BDC1-54ABE5FB7A93}.Release|Any CPU.Build.0 = Release|Any CPU
	EndGlobalSection
	GlobalSection(SolutionProperties) = preSolution
		HideSolutionNode = FALSE
	EndGlobalSection
EndGlobal
